
Microsoft Visual Studio Solution File, Format Version 12.00
# Visual Studio Version 16
VisualStudioVersion = 16.0.30503.244
MinimumVisualStudioVersion = 10.0.40219.1
Project("{FAE04EC0-301F-11D3-BF4B-00C04F79EFBC}") = "SIS.API", "SIS.API\SIS.API.csproj", "{C29AA460-A09F-4D9F-8B10-121DE50EADF4}"
EndProject
Global
	GlobalSection(SolutionConfigurationPlatforms) = preSolution
		Debug|Any CPU = Debug|Any CPU
		Release|Any CPU = Release|Any CPU
	EndGlobalSection
	GlobalSection(ProjectConfigurationPlatforms) = postSolution
		{C29AA460-A09F-4D9F-8B10-121DE50EADF4}.Debug|Any CPU.ActiveCfg = Debug|Any CPU
		{C29AA460-A09F-4D9F-8B10-121DE50EADF4}.Debug|Any CPU.Build.0 = Debug|Any CPU
		{C29AA460-A09F-4D9F-8B10-121DE50EADF4}.Release|Any CPU.ActiveCfg = Release|Any CPU
		{C29AA460-A09F-4D9F-8B10-121DE50EADF4}.Release|Any CPU.Build.0 = Release|Any CPU
	EndGlobalSection
	GlobalSection(SolutionProperties) = preSolution
		HideSolutionNode = FALSE
	EndGlobalSection
	GlobalSection(ExtensibilityGlobals) = postSolution
		SolutionGuid = {46173240-4223-4D07-AD7C-6DF317DED6B2}
	EndGlobalSection
EndGlobal
