
Microsoft Visual Studio Solution File, Format Version 12.00
# Visual Studio Version 16
VisualStudioVersion = 16.0.30503.244
MinimumVisualStudioVersion = 10.0.40219.1
Project("{9A19103F-16F7-4668-BE54-9A1E7A4F7556}") = "SIS.API", "SIS.API\SIS.API.csproj", "{C29AA460-A09F-4D9F-8B10-121DE50EADF4}"
EndProject
Project("{9A19103F-16F7-4668-BE54-9A1E7A4F7556}") = "SIS.Services", "SIS.Services\SIS.Services.csproj", "{493AEE6A-8C6B-41A6-9676-A00B0198ED23}"
EndProject
Project("{9A19103F-16F7-4668-BE54-9A1E7A4F7556}") = "SIS.Data", "SIS.Data\SIS.Data.csproj", "{24795B24-E9DE-4133-9044-DA266909EEE5}"
EndProject
Project("{9A19103F-16F7-4668-BE54-9A1E7A4F7556}") = "SIS.Core", "SIS.Core\SIS.Core.csproj", "{12419D4B-C91F-46C3-B8AD-610161764113}"
EndProject
Project("{9A19103F-16F7-4668-BE54-9A1E7A4F7556}") = "SIS.Entities", "SIS.Entities\SIS.Entities.csproj", "{903131A5-2332-4454-83BA-71B68ABD0EB7}"
EndProject
Project("{9A19103F-16F7-4668-BE54-9A1E7A4F7556}") = "SIS.Interfaces", "SIS.Interfaces\SIS.Interfaces.csproj", "{70069A35-6BE1-446D-B9EF-B00A37DFA5E3}"
EndProject
Project("{9A19103F-16F7-4668-BE54-9A1E7A4F7556}") = "SIS.Models", "SIS.Models\SIS.Models.csproj", "{D924B43D-C8F3-4A25-B37B-1AB5CC223CDE}"
EndProject
Project("{FAE04EC0-301F-11D3-BF4B-00C04F79EFBC}") = "SIS.Client", "SIS.Client\SIS.Client.csproj", "{1D7B0387-0821-4C77-B0CF-F637B9131405}"
EndProject
Global
	GlobalSection(SolutionConfigurationPlatforms) = preSolution
		Debug|Any CPU = Debug|Any CPU
		Release|Any CPU = Release|Any CPU
	EndGlobalSection
	GlobalSection(ProjectConfigurationPlatforms) = postSolution
		{C29AA460-A09F-4D9F-8B10-121DE50EADF4}.Debug|Any CPU.ActiveCfg = Debug|Any CPU
		{C29AA460-A09F-4D9F-8B10-121DE50EADF4}.Debug|Any CPU.Build.0 = Debug|Any CPU
		{C29AA460-A09F-4D9F-8B10-121DE50EADF4}.Release|Any CPU.ActiveCfg = Release|Any CPU
		{C29AA460-A09F-4D9F-8B10-121DE50EADF4}.Release|Any CPU.Build.0 = Release|Any CPU
		{493AEE6A-8C6B-41A6-9676-A00B0198ED23}.Debug|Any CPU.ActiveCfg = Debug|Any CPU
		{493AEE6A-8C6B-41A6-9676-A00B0198ED23}.Debug|Any CPU.Build.0 = Debug|Any CPU
		{493AEE6A-8C6B-41A6-9676-A00B0198ED23}.Release|Any CPU.ActiveCfg = Release|Any CPU
		{493AEE6A-8C6B-41A6-9676-A00B0198ED23}.Release|Any CPU.Build.0 = Release|Any CPU
		{24795B24-E9DE-4133-9044-DA266909EEE5}.Debug|Any CPU.ActiveCfg = Debug|Any CPU
		{24795B24-E9DE-4133-9044-DA266909EEE5}.Debug|Any CPU.Build.0 = Debug|Any CPU
		{24795B24-E9DE-4133-9044-DA266909EEE5}.Release|Any CPU.ActiveCfg = Release|Any CPU
		{24795B24-E9DE-4133-9044-DA266909EEE5}.Release|Any CPU.Build.0 = Release|Any CPU
		{12419D4B-C91F-46C3-B8AD-610161764113}.Debug|Any CPU.ActiveCfg = Debug|Any CPU
		{12419D4B-C91F-46C3-B8AD-610161764113}.Debug|Any CPU.Build.0 = Debug|Any CPU
		{12419D4B-C91F-46C3-B8AD-610161764113}.Release|Any CPU.ActiveCfg = Release|Any CPU
		{12419D4B-C91F-46C3-B8AD-610161764113}.Release|Any CPU.Build.0 = Release|Any CPU
		{903131A5-2332-4454-83BA-71B68ABD0EB7}.Debug|Any CPU.ActiveCfg = Debug|Any CPU
		{903131A5-2332-4454-83BA-71B68ABD0EB7}.Debug|Any CPU.Build.0 = Debug|Any CPU
		{903131A5-2332-4454-83BA-71B68ABD0EB7}.Release|Any CPU.ActiveCfg = Release|Any CPU
		{903131A5-2332-4454-83BA-71B68ABD0EB7}.Release|Any CPU.Build.0 = Release|Any CPU
		{70069A35-6BE1-446D-B9EF-B00A37DFA5E3}.Debug|Any CPU.ActiveCfg = Debug|Any CPU
		{70069A35-6BE1-446D-B9EF-B00A37DFA5E3}.Debug|Any CPU.Build.0 = Debug|Any CPU
		{70069A35-6BE1-446D-B9EF-B00A37DFA5E3}.Release|Any CPU.ActiveCfg = Release|Any CPU
		{70069A35-6BE1-446D-B9EF-B00A37DFA5E3}.Release|Any CPU.Build.0 = Release|Any CPU
		{D924B43D-C8F3-4A25-B37B-1AB5CC223CDE}.Debug|Any CPU.ActiveCfg = Debug|Any CPU
		{D924B43D-C8F3-4A25-B37B-1AB5CC223CDE}.Debug|Any CPU.Build.0 = Debug|Any CPU
		{D924B43D-C8F3-4A25-B37B-1AB5CC223CDE}.Release|Any CPU.ActiveCfg = Release|Any CPU
		{D924B43D-C8F3-4A25-B37B-1AB5CC223CDE}.Release|Any CPU.Build.0 = Release|Any CPU
		{1D7B0387-0821-4C77-B0CF-F637B9131405}.Debug|Any CPU.ActiveCfg = Debug|Any CPU
		{1D7B0387-0821-4C77-B0CF-F637B9131405}.Debug|Any CPU.Build.0 = Debug|Any CPU
		{1D7B0387-0821-4C77-B0CF-F637B9131405}.Release|Any CPU.ActiveCfg = Release|Any CPU
		{1D7B0387-0821-4C77-B0CF-F637B9131405}.Release|Any CPU.Build.0 = Release|Any CPU
	EndGlobalSection
	GlobalSection(SolutionProperties) = preSolution
		HideSolutionNode = FALSE
	EndGlobalSection
	GlobalSection(ExtensibilityGlobals) = postSolution
		SolutionGuid = {46173240-4223-4D07-AD7C-6DF317DED6B2}
	EndGlobalSection
EndGlobal
